
Microsoft Visual Studio Solution File, Format Version 12.00
# Visual Studio Version 17
VisualStudioVersion = 17.2.32616.157
MinimumVisualStudioVersion = 10.0.40219.1
Project("{FAE04EC0-301F-11D3-BF4B-00C04F79EFBC}") = "ConsoleApp6", "ConsoleApp6.csproj", "{0AE00668-536C-45C8-9F85-C17740F5B711}"
EndProject
Global
	GlobalSection(SolutionConfigurationPlatforms) = preSolution
		Debug|Any CPU = Debug|Any CPU
		Release|Any CPU = Release|Any CPU
	EndGlobalSection
	GlobalSection(ProjectConfigurationPlatforms) = postSolution
		{0AE00668-536C-45C8-9F85-C17740F5B711}.Debug|Any CPU.ActiveCfg = Debug|Any CPU
		{0AE00668-536C-45C8-9F85-C17740F5B711}.Debug|Any CPU.Build.0 = Debug|Any CPU
		{0AE00668-536C-45C8-9F85-C17740F5B711}.Release|Any CPU.ActiveCfg = Release|Any CPU
		{0AE00668-536C-45C8-9F85-C17740F5B711}.Release|Any CPU.Build.0 = Release|Any CPU
	EndGlobalSection
	GlobalSection(SolutionProperties) = preSolution
		HideSolutionNode = FALSE
	EndGlobalSection
	GlobalSection(ExtensibilityGlobals) = postSolution
		SolutionGuid = {861E4D21-22A5-41F4-98FD-D0D35C6A934B}
	EndGlobalSection
EndGlobal
